lockfileVersion: 5.4

specifiers:
  svelte: ^3.48.0
  sviny: ../

devDependencies:
  svelte: 3.48.0
  sviny: link:..

packages:

  /svelte/3.48.0:
    resolution: {integrity: sha512-fN2YRm/bGumvjUpu6yI3BpvZnpIm9I6A7HR4oUNYd7ggYyIwSA/BX7DJ+UXXffLp6XNcUijyLvttbPVCYa/3xQ==}
    engines: {node: '>= 8'}
    dev: true
